
Microsoft Visual Studio Solution File, Format Version 12.00
# Visual Studio Version 17
VisualStudioVersion = 17.4.33213.308
MinimumVisualStudioVersion = 10.0.40219.1
Project("{9A19103F-16F7-4668-BE54-9A1E7A4F7556}") = "SchoolManagementApp.MVC", "SchoolManagementApp.MVC.csproj", "{64D3CE2F-90ED-4A65-9A93-81399E95E660}"
EndProject
Global
	GlobalSection(SolutionConfigurationPlatforms) = preSolution
		Debug|Any CPU = Debug|Any CPU
		Release|Any CPU = Release|Any CPU
	EndGlobalSection
	GlobalSection(ProjectConfigurationPlatforms) = postSolution
		{64D3CE2F-90ED-4A65-9A93-81399E95E660}.Debug|Any CPU.ActiveCfg = Debug|Any CPU
		{64D3CE2F-90ED-4A65-9A93-81399E95E660}.Debug|Any CPU.Build.0 = Debug|Any CPU
		{64D3CE2F-90ED-4A65-9A93-81399E95E660}.Release|Any CPU.ActiveCfg = Release|Any CPU
		{64D3CE2F-90ED-4A65-9A93-81399E95E660}.Release|Any CPU.Build.0 = Release|Any CPU
	EndGlobalSection
	GlobalSection(SolutionProperties) = preSolution
		HideSolutionNode = FALSE
	EndGlobalSection
	GlobalSection(ExtensibilityGlobals) = postSolution
		SolutionGuid = {7F9900FE-6F80-448A-8968-1F80D6324F3E}
	EndGlobalSection
EndGlobal
